// !$*UTF8*$!
{
	archiveVersion = 1;
	classes = {
	};
	objectVersion = 56;
	objects = {

/* Begin PBXBuildFile section */
		042C3BB12A03A2A5002B74DA /* StockWidgetView.swift in Sources */ = {isa = PBXBuildFile; fileRef = 042C3BB02A03A2A5002B74DA /* StockWidgetView.swift */; };
		047A9D192A03A136001D99F7 /* TimelineProvider.swift in Sources */ = {isa = PBXBuildFile; fileRef = 047A9D182A03A136001D99F7 /* TimelineProvider.swift */; };
		047A9D1B2A03A1A8001D99F7 /* TimelineEntry.swift in Sources */ = {isa = PBXBuildFile; fileRef = 047A9D1A2A03A1A8001D99F7 /* TimelineEntry.swift */; };
		04985D1229FA6FA800DA2C65 /* LineChart.swift in Sources */ = {isa = PBXBuildFile; fileRef = 04985D1129FA6FA800DA2C65 /* LineChart.swift */; };
		04C38BB429FBC2C4003FA0E3 /* WidgetKit.framework in Frameworks */ = {isa = PBXBuildFile; fileRef = 04C38BB329FBC2C4003FA0E3 /* WidgetKit.framework */; };
		04C38BB629FBC2C4003FA0E3 /* SwiftUI.framework in Frameworks */ = {isa = PBXBuildFile; fileRef = 04C38BB529FBC2C4003FA0E3 /* SwiftUI.framework */; };
		04C38BB929FBC2C4003FA0E3 /* StocksWidgetBundle.swift in Sources */ = {isa = PBXBuildFile; fileRef = 04C38BB829FBC2C4003FA0E3 /* StocksWidgetBundle.swift */; };
		04C38BBB29FBC2C4003FA0E3 /* StocksWidgetLiveActivity.swift in Sources */ = {isa = PBXBuildFile; fileRef = 04C38BBA29FBC2C4003FA0E3 /* StocksWidgetLiveActivity.swift */; };
		04C38BBD29FBC2C4003FA0E3 /* StocksWidget.swift in Sources */ = {isa = PBXBuildFile; fileRef = 04C38BBC29FBC2C4003FA0E3 /* StocksWidget.swift */; };
		04C38BC029FBC2C6003FA0E3 /* Assets.xcassets in Resources */ = {isa = PBXBuildFile; fileRef = 04C38BBF29FBC2C6003FA0E3 /* Assets.xcassets */; };
		04C38BC229FBC2C6003FA0E3 /* StocksWidget.intentdefinition in Sources */ = {isa = PBXBuildFile; fileRef = 04C38BBE29FBC2C4003FA0E3 /* StocksWidget.intentdefinition */; };
		04C38BC329FBC2C6003FA0E3 /* StocksWidget.intentdefinition in Sources */ = {isa = PBXBuildFile; fileRef = 04C38BBE29FBC2C4003FA0E3 /* StocksWidget.intentdefinition */; };
		04C38BC629FBC2C6003FA0E3 /* StocksWidgetExtension.appex in Embed Foundation Extensions */ = {isa = PBXBuildFile; fileRef = 04C38BB129FBC2C4003FA0E3 /* StocksWidgetExtension.appex */; settings = {ATTRIBUTES = (RemoveHeadersOnCopy, ); }; };
		04DEEAD629F8084500763699 /* LiveStockAppApp.swift in Sources */ = {isa = PBXBuildFile; fileRef = 04DEEAD529F8084500763699 /* LiveStockAppApp.swift */; };
		04DEEAD829F8084500763699 /* HomeView.swift in Sources */ = {isa = PBXBuildFile; fileRef = 04DEEAD729F8084500763699 /* HomeView.swift */; };
		04DEEADA29F8084700763699 /* Assets.xcassets in Resources */ = {isa = PBXBuildFile; fileRef = 04DEEAD929F8084700763699 /* Assets.xcassets */; };
		04DEEADD29F8084700763699 /* Preview Assets.xcassets in Resources */ = {isa = PBXBuildFile; fileRef = 04DEEADC29F8084700763699 /* Preview Assets.xcassets */; };
		04DEEADF29F8084700763699 /* Persistence.swift in Sources */ = {isa = PBXBuildFile; fileRef = 04DEEADE29F8084700763699 /* Persistence.swift */; };
		04DEEAE229F8084700763699 /* LiveStockApp.xcdatamodeld in Sources */ = {isa = PBXBuildFile; fileRef = 04DEEAE029F8084700763699 /* LiveStockApp.xcdatamodeld */; };
		04DEEAEC29F82DBF00763699 /* StockData.swift in Sources */ = {isa = PBXBuildFile; fileRef = 04DEEAEB29F82DBF00763699 /* StockData.swift */; };
		04DEEAEF29F831DD00763699 /* HomeViewModel.swift in Sources */ = {isa = PBXBuildFile; fileRef = 04DEEAEE29F831DD00763699 /* HomeViewModel.swift */; };
		04DEEAF129F832B600763699 /* Constants.swift in Sources */ = {isa = PBXBuildFile; fileRef = 04DEEAF029F832B600763699 /* Constants.swift */; };
/* End PBXBuildFile section */

/* Begin PBXContainerItemProxy section */
		04C38BC429FBC2C6003FA0E3 /* PBXContainerItemProxy */ = {
			isa = PBXContainerItemProxy;
			containerPortal = 04DEEACA29F8084500763699 /* Project object */;
			proxyType = 1;
			remoteGlobalIDString = 04C38BB029FBC2C4003FA0E3;
			remoteInfo = StocksWidgetExtension;
		};
/* End PBXContainerItemProxy section */

/* Begin PBXCopyFilesBuildPhase section */
		04C38BC729FBC2C6003FA0E3 /* Embed Foundation Extensions */ = {
			isa = PBXCopyFilesBuildPhase;
			buildActionMask = 2147483647;
			dstPath = "";
			dstSubfolderSpec = 13;
			files = (
				04C38BC629FBC2C6003FA0E3 /* StocksWidgetExtension.appex in Embed Foundation Extensions */,
			);
			name = "Embed Foundation Extensions";
			runOnlyForDeploymentPostprocessing = 0;
		};
/* End PBXCopyFilesBuildPhase section */

/* Begin PBXFileReference section */
		042C3BB02A03A2A5002B74DA /* StockWidgetView.swift */ = {isa = PBXFileReference; lastKnownFileType = sourcecode.swift; path = StockWidgetView.swift; sourceTree = "<group>"; };
		047A9D182A03A136001D99F7 /* TimelineProvider.swift */ = {isa = PBXFileReference; lastKnownFileType = sourcecode.swift; path = TimelineProvider.swift; sourceTree = "<group>"; };
		047A9D1A2A03A1A8001D99F7 /* TimelineEntry.swift */ = {isa = PBXFileReference; lastKnownFileType = sourcecode.swift; path = TimelineEntry.swift; sourceTree = "<group>"; };
		04985D1129FA6FA800DA2C65 /* LineChart.swift */ = {isa = PBXFileReference; lastKnownFileType = sourcecode.swift; path = LineChart.swift; sourceTree = "<group>"; };
		04C38BB129FBC2C4003FA0E3 /* StocksWidgetExtension.appex */ = {isa = PBXFileReference; explicitFileType = "wrapper.app-extension"; includeInIndex = 0; path = StocksWidgetExtension.appex; sourceTree = BUILT_PRODUCTS_DIR; };
		04C38BB329FBC2C4003FA0E3 /* WidgetKit.framework */ = {isa = PBXFileReference; lastKnownFileType = wrapper.framework; name = WidgetKit.framework; path = System/Library/Frameworks/WidgetKit.framework; sourceTree = SDKROOT; };
		04C38BB529FBC2C4003FA0E3 /* SwiftUI.framework */ = {isa = PBXFileReference; lastKnownFileType = wrapper.framework; name = SwiftUI.framework; path = System/Library/Frameworks/SwiftUI.framework; sourceTree = SDKROOT; };
		04C38BB829FBC2C4003FA0E3 /* StocksWidgetBundle.swift */ = {isa = PBXFileReference; lastKnownFileType = sourcecode.swift; path = StocksWidgetBundle.swift; sourceTree = "<group>"; };
		04C38BBA29FBC2C4003FA0E3 /* StocksWidgetLiveActivity.swift */ = {isa = PBXFileReference; lastKnownFileType = sourcecode.swift; path = StocksWidgetLiveActivity.swift; sourceTree = "<group>"; };
		04C38BBC29FBC2C4003FA0E3 /* StocksWidget.swift */ = {isa = PBXFileReference; lastKnownFileType = sourcecode.swift; path = StocksWidget.swift; sourceTree = "<group>"; };
		04C38BBE29FBC2C4003FA0E3 /* StocksWidget.intentdefinition */ = {isa = PBXFileReference; lastKnownFileType = file.intentdefinition; path = StocksWidget.intentdefinition; sourceTree = "<group>"; };
		04C38BBF29FBC2C6003FA0E3 /* Assets.xcassets */ = {isa = PBXFileReference; lastKnownFileType = folder.assetcatalog; path = Assets.xcassets; sourceTree = "<group>"; };
		04C38BC129FBC2C6003FA0E3 /* Info.plist */ = {isa = PBXFileReference; lastKnownFileType = text.plist.xml; path = Info.plist; sourceTree = "<group>"; };
		04DEEAD229F8084500763699 /* LiveStockApp.app */ = {isa = PBXFileReference; explicitFileType = wrapper.application; includeInIndex = 0; path = LiveStockApp.app; sourceTree = BUILT_PRODUCTS_DIR; };
		04DEEAD529F8084500763699 /* LiveStockAppApp.swift */ = {isa = PBXFileReference; lastKnownFileType = sourcecode.swift; path = LiveStockAppApp.swift; sourceTree = "<group>"; };
		04DEEAD729F8084500763699 /* HomeView.swift */ = {isa = PBXFileReference; lastKnownFileType = sourcecode.swift; path = HomeView.swift; sourceTree = "<group>"; };
		04DEEAD929F8084700763699 /* Assets.xcassets */ = {isa = PBXFileReference; lastKnownFileType = folder.assetcatalog; path = Assets.xcassets; sourceTree = "<group>"; };
		04DEEADC29F8084700763699 /* Preview Assets.xcassets */ = {isa = PBXFileReference; lastKnownFileType = folder.assetcatalog; path = "Preview Assets.xcassets"; sourceTree = "<group>"; };
		04DEEADE29F8084700763699 /* Persistence.swift */ = {isa = PBXFileReference; lastKnownFileType = sourcecode.swift; path = Persistence.swift; sourceTree = "<group>"; };
		04DEEAE129F8084700763699 /* LiveStockApp.xcdatamodel */ = {isa = PBXFileReference; lastKnownFileType = wrapper.xcdatamodel; path = LiveStockApp.xcdatamodel; sourceTree = "<group>"; };
		04DEEAE329F8084700763699 /* LiveStockApp.entitlements */ = {isa = PBXFileReference; lastKnownFileType = text.plist.entitlements; path = LiveStockApp.entitlements; sourceTree = "<group>"; };
		04DEEAE929F8254C00763699 /* Info.plist */ = {isa = PBXFileReference; lastKnownFileType = text.plist; path = Info.plist; sourceTree = "<group>"; };
		04DEEAEB29F82DBF00763699 /* StockData.swift */ = {isa = PBXFileReference; lastKnownFileType = sourcecode.swift; path = StockData.swift; sourceTree = "<group>"; };
		04DEEAEE29F831DD00763699 /* HomeViewModel.swift */ = {isa = PBXFileReference; lastKnownFileType = sourcecode.swift; path = HomeViewModel.swift; sourceTree = "<group>"; };
		04DEEAF029F832B600763699 /* Constants.swift */ = {isa = PBXFileReference; lastKnownFileType = sourcecode.swift; path = Constants.swift; sourceTree = "<group>"; };
/* End PBXFileReference section */

/* Begin PBXFrameworksBuildPhase section */
		04C38BAE29FBC2C4003FA0E3 /* Frameworks */ = {
			isa = PBXFrameworksBuildPhase;
			buildActionMask = 2147483647;
			files = (
				04C38BB629FBC2C4003FA0E3 /* SwiftUI.framework in Frameworks */,
				04C38BB429FBC2C4003FA0E3 /* WidgetKit.framework in Frameworks */,
			);
			runOnlyForDeploymentPostprocessing = 0;
		};
		04DEEACF29F8084500763699 /* Frameworks */ = {
			isa = PBXFrameworksBuildPhase;
			buildActionMask = 2147483647;
			files = (
			);
			runOnlyForDeploymentPostprocessing = 0;
		};
/* End PBXFrameworksBuildPhase section */

/* Begin PBXGroup section */
		04985D1029FA6F9300DA2C65 /* Helper */ = {
			isa = PBXGroup;
			children = (
				04985D1129FA6FA800DA2C65 /* LineChart.swift */,
			);
			path = Helper;
			sourceTree = "<group>";
		};
		04C38BB229FBC2C4003FA0E3 /* Frameworks */ = {
			isa = PBXGroup;
			children = (
				04C38BB329FBC2C4003FA0E3 /* WidgetKit.framework */,
				04C38BB529FBC2C4003FA0E3 /* SwiftUI.framework */,
			);
			name = Frameworks;
			sourceTree = "<group>";
		};
		04C38BB729FBC2C4003FA0E3 /* StocksWidget */ = {
			isa = PBXGroup;
			children = (
				04C38BB829FBC2C4003FA0E3 /* StocksWidgetBundle.swift */,
				04C38BBA29FBC2C4003FA0E3 /* StocksWidgetLiveActivity.swift */,
				04C38BBC29FBC2C4003FA0E3 /* StocksWidget.swift */,
				04C38BBE29FBC2C4003FA0E3 /* StocksWidget.intentdefinition */,
				04C38BBF29FBC2C6003FA0E3 /* Assets.xcassets */,
				04C38BC129FBC2C6003FA0E3 /* Info.plist */,
				047A9D182A03A136001D99F7 /* TimelineProvider.swift */,
				047A9D1A2A03A1A8001D99F7 /* TimelineEntry.swift */,
				042C3BB02A03A2A5002B74DA /* StockWidgetView.swift */,
			);
			path = StocksWidget;
			sourceTree = "<group>";
		};
		04DEEAC929F8084500763699 = {
			isa = PBXGroup;
			children = (
				04DEEAD429F8084500763699 /* LiveStockApp */,
				04C38BB729FBC2C4003FA0E3 /* StocksWidget */,
				04C38BB229FBC2C4003FA0E3 /* Frameworks */,
				04DEEAD329F8084500763699 /* Products */,
			);
			sourceTree = "<group>";
		};
		04DEEAD329F8084500763699 /* Products */ = {
			isa = PBXGroup;
			children = (
				04DEEAD229F8084500763699 /* LiveStockApp.app */,
				04C38BB129FBC2C4003FA0E3 /* StocksWidgetExtension.appex */,
			);
			name = Products;
			sourceTree = "<group>";
		};
		04DEEAD429F8084500763699 /* LiveStockApp */ = {
			isa = PBXGroup;
			children = (
				04DEEAED29F8318500763699 /* Presentation */,
				04DEEAEA29F82DA200763699 /* Model */,
				04DEEAE929F8254C00763699 /* Info.plist */,
				04DEEAD529F8084500763699 /* LiveStockAppApp.swift */,
				04DEEAD929F8084700763699 /* Assets.xcassets */,
				04DEEADE29F8084700763699 /* Persistence.swift */,
				04DEEAE329F8084700763699 /* LiveStockApp.entitlements */,
				04DEEAE029F8084700763699 /* LiveStockApp.xcdatamodeld */,
				04DEEADB29F8084700763699 /* Preview Content */,
				04DEEAF029F832B600763699 /* Constants.swift */,
			);
			path = LiveStockApp;
			sourceTree = "<group>";
		};
		04DEEADB29F8084700763699 /* Preview Content */ = {
			isa = PBXGroup;
			children = (
				04DEEADC29F8084700763699 /* Preview Assets.xcassets */,
			);
			path = "Preview Content";
			sourceTree = "<group>";
		};
		04DEEAEA29F82DA200763699 /* Model */ = {
			isa = PBXGroup;
			children = (
				04DEEAEB29F82DBF00763699 /* StockData.swift */,
			);
			path = Model;
			sourceTree = "<group>";
		};
		04DEEAED29F8318500763699 /* Presentation */ = {
			isa = PBXGroup;
			children = (
				04985D1029FA6F9300DA2C65 /* Helper */,
				04DEEAD729F8084500763699 /* HomeView.swift */,
				04DEEAEE29F831DD00763699 /* HomeViewModel.swift */,
			);
			path = Presentation;
			sourceTree = "<group>";
		};
/* End PBXGroup section */

/* Begin PBXNativeTarget section */
		04C38BB029FBC2C4003FA0E3 /* StocksWidgetExtension */ = {
			isa = PBXNativeTarget;
			buildConfigurationList = 04C38BCA29FBC2C6003FA0E3 /* Build configuration list for PBXNativeTarget "StocksWidgetExtension" */;
			buildPhases = (
				04C38BAD29FBC2C4003FA0E3 /* Sources */,
				04C38BAE29FBC2C4003FA0E3 /* Frameworks */,
				04C38BAF29FBC2C4003FA0E3 /* Resources */,
			);
			buildRules = (
			);
			dependencies = (
			);
			name = StocksWidgetExtension;
			productName = StocksWidgetExtension;
			productReference = 04C38BB129FBC2C4003FA0E3 /* StocksWidgetExtension.appex */;
			productType = "com.apple.product-type.app-extension";
		};
		04DEEAD129F8084500763699 /* LiveStockApp */ = {
			isa = PBXNativeTarget;
			buildConfigurationList = 04DEEAE629F8084700763699 /* Build configuration list for PBXNativeTarget "LiveStockApp" */;
			buildPhases = (
				04DEEACE29F8084500763699 /* Sources */,
				04DEEACF29F8084500763699 /* Frameworks */,
				04DEEAD029F8084500763699 /* Resources */,
				04C38BC729FBC2C6003FA0E3 /* Embed Foundation Extensions */,
			);
			buildRules = (
			);
			dependencies = (
				04C38BC529FBC2C6003FA0E3 /* PBXTargetDependency */,
			);
			name = LiveStockApp;
			productName = LiveStockApp;
			productReference = 04DEEAD229F8084500763699 /* LiveStockApp.app */;
			productType = "com.apple.product-type.application";
		};
/* End PBXNativeTarget section */

/* Begin PBXProject section */
		04DEEACA29F8084500763699 /* Project object */ = {
			isa = PBXProject;
			attributes = {
				BuildIndependentTargetsInParallel = 1;
				LastSwiftUpdateCheck = 1410;
				LastUpgradeCheck = 1410;
				TargetAttributes = {
					04C38BB029FBC2C4003FA0E3 = {
						CreatedOnToolsVersion = 14.1;
					};
					04DEEAD129F8084500763699 = {
						CreatedOnToolsVersion = 14.1;
					};
				};
			};
			buildConfigurationList = 04DEEACD29F8084500763699 /* Build configuration list for PBXProject "LiveStockApp" */;
			compatibilityVersion = "Xcode 14.0";
			developmentRegion = en;
			hasScannedForEncodings = 0;
			knownRegions = (
				en,
				Base,
			);
			mainGroup = 04DEEAC929F8084500763699;
			productRefGroup = 04DEEAD329F8084500763699 /* Products */;
			projectDirPath = "";
			projectRoot = "";
			targets = (
				04DEEAD129F8084500763699 /* LiveStockApp */,
				04C38BB029FBC2C4003FA0E3 /* StocksWidgetExtension */,
			);
		};
/* End PBXProject section */

/* Begin PBXResourcesBuildPhase section */
		04C38BAF29FBC2C4003FA0E3 /* Resources */ = {
			isa = PBXResourcesBuildPhase;
			buildActionMask = 2147483647;
			files = (
				04C38BC029FBC2C6003FA0E3 /* Assets.xcassets in Resources */,
			);
			runOnlyForDeploymentPostprocessing = 0;
		};
		04DEEAD029F8084500763699 /* Resources */ = {
			isa = PBXResourcesBuildPhase;
			buildActionMask = 2147483647;
			files = (
				04DEEADD29F8084700763699 /* Preview Assets.xcassets in Resources */,
				04DEEADA29F8084700763699 /* Assets.xcassets in Resources */,
			);
			runOnlyForDeploymentPostprocessing = 0;
		};
/* End PBXResourcesBuildPhase section */

/* Begin PBXSourcesBuildPhase section */
		04C38BAD29FBC2C4003FA0E3 /* Sources */ = {
			isa = PBXSourcesBuildPhase;
			buildActionMask = 2147483647;
			files = (
				04C38BBD29FBC2C4003FA0E3 /* StocksWidget.swift in Sources */,
				04C38BC229FBC2C6003FA0E3 /* StocksWidget.intentdefinition in Sources */,
				042C3BB12A03A2A5002B74DA /* StockWidgetView.swift in Sources */,
				04C38BB929FBC2C4003FA0E3 /* StocksWidgetBundle.swift in Sources */,
				047A9D1B2A03A1A8001D99F7 /* TimelineEntry.swift in Sources */,
				04C38BBB29FBC2C4003FA0E3 /* StocksWidgetLiveActivity.swift in Sources */,
				047A9D192A03A136001D99F7 /* TimelineProvider.swift in Sources */,
			);
			runOnlyForDeploymentPostprocessing = 0;
		};
		04DEEACE29F8084500763699 /* Sources */ = {
			isa = PBXSourcesBuildPhase;
			buildActionMask = 2147483647;
			files = (
				04DEEADF29F8084700763699 /* Persistence.swift in Sources */,
				04DEEAEF29F831DD00763699 /* HomeViewModel.swift in Sources */,
				04DEEAD829F8084500763699 /* HomeView.swift in Sources */,
				04DEEAE229F8084700763699 /* LiveStockApp.xcdatamodeld in Sources */,
				04985D1229FA6FA800DA2C65 /* LineChart.swift in Sources */,
				04C38BC329FBC2C6003FA0E3 /* StocksWidget.intentdefinition in Sources */,
				04DEEAF129F832B600763699 /* Constants.swift in Sources */,
				04DEEAEC29F82DBF00763699 /* StockData.swift in Sources */,
				04DEEAD629F8084500763699 /* LiveStockAppApp.swift in Sources */,
			);
			runOnlyForDeploymentPostprocessing = 0;
		};
/* End PBXSourcesBuildPhase section */

/* Begin PBXTargetDependency section */
		04C38BC529FBC2C6003FA0E3 /* PBXTargetDependency */ = {
			isa = PBXTargetDependency;
			target = 04C38BB029FBC2C4003FA0E3 /* StocksWidgetExtension */;
			targetProxy = 04C38BC429FBC2C6003FA0E3 /* PBXContainerItemProxy */;
		};
/* End PBXTargetDependency section */

/* Begin XCBuildConfiguration section */
		04C38BC829FBC2C6003FA0E3 /* Debug */ = {
			isa = XCBuildConfiguration;
			buildSettings = {
				ASSETCATALOG_COMPILER_GLOBAL_ACCENT_COLOR_NAME = AccentColor;
				ASSETCATALOG_COMPILER_WIDGET_BACKGROUND_COLOR_NAME = WidgetBackground;
				CODE_SIGN_STYLE = Automatic;
				CURRENT_PROJECT_VERSION = 1;
				DEVELOPMENT_TEAM = 6J7HMSP4RZ;
				GENERATE_INFOPLIST_FILE = YES;
				INFOPLIST_FILE = StocksWidget/Info.plist;
				INFOPLIST_KEY_CFBundleDisplayName = StocksWidget;
				INFOPLIST_KEY_NSHumanReadableCopyright = "";
				IPHONEOS_DEPLOYMENT_TARGET = 16.1;
				LD_RUNPATH_SEARCH_PATHS = (
					"$(inherited)",
					"@executable_path/Frameworks",
					"@executable_path/../../Frameworks",
				);
				MARKETING_VERSION = 1.0;
				PRODUCT_BUNDLE_IDENTIFIER = asif.com.LiveStockApp.StocksWidget;
				PRODUCT_NAME = "$(TARGET_NAME)";
				SDKROOT = iphoneos;
				SKIP_INSTALL = YES;
				SWIFT_EMIT_LOC_STRINGS = YES;
				SWIFT_VERSION = 5.0;
				TARGETED_DEVICE_FAMILY = "1,2";
			};
			name = Debug;
		};
		04C38BC929FBC2C6003FA0E3 /* Release */ = {
			isa = XCBuildConfiguration;
			buildSettings = {
				ASSETCATALOG_COMPILER_GLOBAL_ACCENT_COLOR_NAME = AccentColor;
				ASSETCATALOG_COMPILER_WIDGET_BACKGROUND_COLOR_NAME = WidgetBackground;
				CODE_SIGN_STYLE = Automatic;
				CURRENT_PROJECT_VERSION = 1;
				DEVELOPMENT_TEAM = 6J7HMSP4RZ;
				GENERATE_INFOPLIST_FILE = YES;
				INFOPLIST_FILE = StocksWidget/Info.plist;
				INFOPLIST_KEY_CFBundleDisplayName = StocksWidget;
				INFOPLIST_KEY_NSHumanReadableCopyright = "";
				IPHONEOS_DEPLOYMENT_TARGET = 16.1;
				LD_RUNPATH_SEARCH_PATHS = (
					"$(inherited)",
					"@executable_path/Frameworks",
					"@executable_path/../../Frameworks",
				);
				MARKETING_VERSION = 1.0;
				PRODUCT_BUNDLE_IDENTIFIER = asif.com.LiveStockApp.StocksWidget;
				PRODUCT_NAME = "$(TARGET_NAME)";
				SDKROOT = iphoneos;
				SKIP_INSTALL = YES;
				SWIFT_EMIT_LOC_STRINGS = YES;
				SWIFT_VERSION = 5.0;
				TARGETED_DEVICE_FAMILY = "1,2";
				VALIDATE_PRODUCT = YES;
			};
			name = Release;
		};
		04DEEAE429F8084700763699 /* Debug */ = {
			isa = XCBuildConfiguration;
			buildSettings = {
				ALWAYS_SEARCH_USER_PATHS = NO;
				CLANG_ANALYZER_NONNULL = YES;
				CLANG_ANALYZER_NUMBER_OBJECT_CONVERSION = YES_AGGRESSIVE;
				CLANG_CXX_LANGUAGE_STANDARD = "gnu++20";
				CLANG_ENABLE_MODULES = YES;
				CLANG_ENABLE_OBJC_ARC = YES;
				CLANG_ENABLE_OBJC_WEAK = YES;
				CLANG_WARN_BLOCK_CAPTURE_AUTORELEASING = YES;
				CLANG_WARN_BOOL_CONVERSION = YES;
				CLANG_WARN_COMMA = YES;
				CLANG_WARN_CONSTANT_CONVERSION = YES;
				CLANG_WARN_DEPRECATED_OBJC_IMPLEMENTATIONS = YES;
				CLANG_WARN_DIRECT_OBJC_ISA_USAGE = YES_ERROR;
				CLANG_WARN_DOCUMENTATION_COMMENTS = YES;
				CLANG_WARN_EMPTY_BODY = YES;
				CLANG_WARN_ENUM_CONVERSION = YES;
				CLANG_WARN_INFINITE_RECURSION = YES;
				CLANG_WARN_INT_CONVERSION = YES;
				CLANG_WARN_NON_LITERAL_NULL_CONVERSION = YES;
				CLANG_WARN_OBJC_IMPLICIT_RETAIN_SELF = YES;
				CLANG_WARN_OBJC_LITERAL_CONVERSION = YES;
				CLANG_WARN_OBJC_ROOT_CLASS = YES_ERROR;
				CLANG_WARN_QUOTED_INCLUDE_IN_FRAMEWORK_HEADER = YES;
				CLANG_WARN_RANGE_LOOP_ANALYSIS = YES;
				CLANG_WARN_STRICT_PROTOTYPES = YES;
				CLANG_WARN_SUSPICIOUS_MOVE = YES;
				CLANG_WARN_UNGUARDED_AVAILABILITY = YES_AGGRESSIVE;
				CLANG_WARN_UNREACHABLE_CODE = YES;
				CLANG_WARN__DUPLICATE_METHOD_MATCH = YES;
				COPY_PHASE_STRIP = NO;
				DEBUG_INFORMATION_FORMAT = dwarf;
				ENABLE_STRICT_OBJC_MSGSEND = YES;
				ENABLE_TESTABILITY = YES;
				GCC_C_LANGUAGE_STANDARD = gnu11;
				GCC_DYNAMIC_NO_PIC = NO;
				GCC_NO_COMMON_BLOCKS = YES;
				GCC_OPTIMIZATION_LEVEL = 0;
				GCC_PREPROCESSOR_DEFINITIONS = (
					"DEBUG=1",
					"$(inherited)",
				);
				GCC_WARN_64_TO_32_BIT_CONVERSION = YES;
				GCC_WARN_ABOUT_RETURN_TYPE = YES_ERROR;
				GCC_WARN_UNDECLARED_SELECTOR = YES;
				GCC_WARN_UNINITIALIZED_AUTOS = YES_AGGRESSIVE;
				GCC_WARN_UNUSED_FUNCTION = YES;
				GCC_WARN_UNUSED_VARIABLE = YES;
				MACOSX_DEPLOYMENT_TARGET = 13.0;
				MTL_ENABLE_DEBUG_INFO = INCLUDE_SOURCE;
				MTL_FAST_MATH = YES;
				ONLY_ACTIVE_ARCH = YES;
				SDKROOT = macosx;
				SWIFT_ACTIVE_COMPILATION_CONDITIONS = DEBUG;
				SWIFT_OPTIMIZATION_LEVEL = "-Onone";
			};
			name = Debug;
		};
		04DEEAE529F8084700763699 /* Release */ = {
			isa = XCBuildConfiguration;
			buildSettings = {
				ALWAYS_SEARCH_USER_PATHS = NO;
				CLANG_ANALYZER_NONNULL = YES;
				CLANG_ANALYZER_NUMBER_OBJECT_CONVERSION = YES_AGGRESSIVE;
				CLANG_CXX_LANGUAGE_STANDARD = "gnu++20";
				CLANG_ENABLE_MODULES = YES;
				CLANG_ENABLE_OBJC_ARC = YES;
				CLANG_ENABLE_OBJC_WEAK = YES;
				CLANG_WARN_BLOCK_CAPTURE_AUTORELEASING = YES;
				CLANG_WARN_BOOL_CONVERSION = YES;
				CLANG_WARN_COMMA = YES;
				CLANG_WARN_CONSTANT_CONVERSION = YES;
				CLANG_WARN_DEPRECATED_OBJC_IMPLEMENTATIONS = YES;
				CLANG_WARN_DIRECT_OBJC_ISA_USAGE = YES_ERROR;
				CLANG_WARN_DOCUMENTATION_COMMENTS = YES;
				CLANG_WARN_EMPTY_BODY = YES;
				CLANG_WARN_ENUM_CONVERSION = YES;
				CLANG_WARN_INFINITE_RECURSION = YES;
				CLANG_WARN_INT_CONVERSION = YES;
				CLANG_WARN_NON_LITERAL_NULL_CONVERSION = YES;
				CLANG_WARN_OBJC_IMPLICIT_RETAIN_SELF = YES;
				CLANG_WARN_OBJC_LITERAL_CONVERSION = YES;
				CLANG_WARN_OBJC_ROOT_CLASS = YES_ERROR;
				CLANG_WARN_QUOTED_INCLUDE_IN_FRAMEWORK_HEADER = YES;
				CLANG_WARN_RANGE_LOOP_ANALYSIS = YES;
				CLANG_WARN_STRICT_PROTOTYPES = YES;
				CLANG_WARN_SUSPICIOUS_MOVE = YES;
				CLANG_WARN_UNGUARDED_AVAILABILITY = YES_AGGRESSIVE;
				CLANG_WARN_UNREACHABLE_CODE = YES;
				CLANG_WARN__DUPLICATE_METHOD_MATCH = YES;
				COPY_PHASE_STRIP = NO;
				DEBUG_INFORMATION_FORMAT = "dwarf-with-dsym";
				ENABLE_NS_ASSERTIONS = NO;
				ENABLE_STRICT_OBJC_MSGSEND = YES;
				GCC_C_LANGUAGE_STANDARD = gnu11;
				GCC_NO_COMMON_BLOCKS = YES;
				GCC_WARN_64_TO_32_BIT_CONVERSION = YES;
				GCC_WARN_ABOUT_RETURN_TYPE = YES_ERROR;
				GCC_WARN_UNDECLARED_SELECTOR = YES;
				GCC_WARN_UNINITIALIZED_AUTOS = YES_AGGRESSIVE;
				GCC_WARN_UNUSED_FUNCTION = YES;
				GCC_WARN_UNUSED_VARIABLE = YES;
				MACOSX_DEPLOYMENT_TARGET = 13.0;
				MTL_ENABLE_DEBUG_INFO = NO;
				MTL_FAST_MATH = YES;
				SDKROOT = macosx;
				SWIFT_COMPILATION_MODE = wholemodule;
				SWIFT_OPTIMIZATION_LEVEL = "-O";
			};
			name = Release;
		};
		04DEEAE729F8084700763699 /* Debug */ = {
			isa = XCBuildConfiguration;
			buildSettings = {
				ALWAYS_EMBED_SWIFT_STANDARD_LIBRARIES = YES;
				ASSETCATALOG_COMPILER_APPICON_NAME = AppIcon;
				ASSETCATALOG_COMPILER_GLOBAL_ACCENT_COLOR_NAME = AccentColor;
				CODE_SIGN_ENTITLEMENTS = LiveStockApp/LiveStockApp.entitlements;
				CODE_SIGN_STYLE = Automatic;
				COMBINE_HIDPI_IMAGES = YES;
				CURRENT_PROJECT_VERSION = 1;
				DEVELOPMENT_ASSET_PATHS = "\"LiveStockApp/Preview Content\"";
				DEVELOPMENT_TEAM = 6J7HMSP4RZ;
				ENABLE_HARDENED_RUNTIME = YES;
				ENABLE_PREVIEWS = YES;
				GENERATE_INFOPLIST_FILE = YES;
				INFOPLIST_FILE = LiveStockApp/Info.plist;
				INFOPLIST_KEY_NSHumanReadableCopyright = "";
				INFOPLIST_KEY_UISupportedInterfaceOrientations = "UIInterfaceOrientationPortrait UIInterfaceOrientationPortraitUpsideDown";
				INFOPLIST_KEY_UISupportedInterfaceOrientations_iPad = UIInterfaceOrientationPortrait;
				LD_RUNPATH_SEARCH_PATHS = (
					"$(inherited)",
					"@executable_path/../Frameworks",
				);
				MARKETING_VERSION = 1.0;
				PRODUCT_BUNDLE_IDENTIFIER = asif.com.LiveStockApp;
				PRODUCT_NAME = "$(TARGET_NAME)";
				SUPPORTED_PLATFORMS = "iphoneos iphonesimulator macosx";
				SUPPORTS_MACCATALYST = NO;
				SUPPORTS_MAC_DESIGNED_FOR_IPHONE_IPAD = NO;
				SWIFT_EMIT_LOC_STRINGS = YES;
				SWIFT_VERSION = 5.0;
				TARGETED_DEVICE_FAMILY = 1;
			};
			name = Debug;
		};
		04DEEAE829F8084700763699 /* Release */ = {
			isa = XCBuildConfiguration;
			buildSettings = {
				ALWAYS_EMBED_SWIFT_STANDARD_LIBRARIES = YES;
				ASSETCATALOG_COMPILER_APPICON_NAME = AppIcon;
				ASSETCATALOG_COMPILER_GLOBAL_ACCENT_COLOR_NAME = AccentColor;
				CODE_SIGN_ENTITLEMENTS = LiveStockApp/LiveStockApp.entitlements;
				CODE_SIGN_STYLE = Automatic;
				COMBINE_HIDPI_IMAGES = YES;
				CURRENT_PROJECT_VERSION = 1;
				DEVELOPMENT_ASSET_PATHS = "\"LiveStockApp/Preview Content\"";
				DEVELOPMENT_TEAM = 6J7HMSP4RZ;
				ENABLE_HARDENED_RUNTIME = YES;
				ENABLE_PREVIEWS = YES;
				GENERATE_INFOPLIST_FILE = YES;
				INFOPLIST_FILE = LiveStockApp/Info.plist;
				INFOPLIST_KEY_NSHumanReadableCopyright = "";
				INFOPLIST_KEY_UISupportedInterfaceOrientations = "UIInterfaceOrientationPortrait UIInterfaceOrientationPortraitUpsideDown";
				INFOPLIST_KEY_UISupportedInterfaceOrientations_iPad = UIInterfaceOrientationPortrait;
				LD_RUNPATH_SEARCH_PATHS = (
					"$(inherited)",
					"@executable_path/../Frameworks",
				);
				MARKETING_VERSION = 1.0;
				PRODUCT_BUNDLE_IDENTIFIER = asif.com.LiveStockApp;
				PRODUCT_NAME = "$(TARGET_NAME)";
				SUPPORTED_PLATFORMS = "iphoneos iphonesimulator macosx";
				SUPPORTS_MACCATALYST = NO;
				SUPPORTS_MAC_DESIGNED_FOR_IPHONE_IPAD = NO;
				SWIFT_EMIT_LOC_STRINGS = YES;
				SWIFT_VERSION = 5.0;
				TARGETED_DEVICE_FAMILY = 1;
			};
			name = Release;
		};
/* End XCBuildConfiguration section */

/* Begin XCConfigurationList section */
		04C38BCA29FBC2C6003FA0E3 /* Build configuration list for PBXNativeTarget "StocksWidgetExtension" */ = {
			isa = XCConfigurationList;
			buildConfigurations = (
				04C38BC829FBC2C6003FA0E3 /* Debug */,
				04C38BC929FBC2C6003FA0E3 /* Release */,
			);
			defaultConfigurationIsVisible = 0;
			defaultConfigurationName = Release;
		};
		04DEEACD29F8084500763699 /* Build configuration list for PBXProject "LiveStockApp" */ = {
			isa = XCConfigurationList;
			buildConfigurations = (
				04DEEAE429F8084700763699 /* Debug */,
				04DEEAE529F8084700763699 /* Release */,
			);
			defaultConfigurationIsVisible = 0;
			defaultConfigurationName = Release;
		};
		04DEEAE629F8084700763699 /* Build configuration list for PBXNativeTarget "LiveStockApp" */ = {
			isa = XCConfigurationList;
			buildConfigurations = (
				04DEEAE729F8084700763699 /* Debug */,
				04DEEAE829F8084700763699 /* Release */,
			);
			defaultConfigurationIsVisible = 0;
			defaultConfigurationName = Release;
		};
/* End XCConfigurationList section */

/* Begin XCVersionGroup section */
		04DEEAE029F8084700763699 /* LiveStockApp.xcdatamodeld */ = {
			isa = XCVersionGroup;
			children = (
				04DEEAE129F8084700763699 /* LiveStockApp.xcdatamodel */,
			);
			currentVersion = 04DEEAE129F8084700763699 /* LiveStockApp.xcdatamodel */;
			path = LiveStockApp.xcdatamodeld;
			sourceTree = "<group>";
			versionGroupType = wrapper.xcdatamodel;
		};
/* End XCVersionGroup section */
	};
	rootObject = 04DEEACA29F8084500763699 /* Project object */;
}
